// !$*UTF8*$!
{
	archiveVersion = 1;
	classes = {
	};
	objectVersion = 56;
	objects = {

/* Begin PBXBuildFile section */
		F28405692CC845500080F237 /* LinkUpApp.swift in Sources */ = {isa = PBXBuildFile; fileRef = F28405682CC845500080F237 /* LinkUpApp.swift */; };
		F284056B2CC845500080F237 /* LoginView.swift in Sources */ = {isa = PBXBuildFile; fileRef = F284056A2CC845500080F237 /* LoginView.swift */; };
		F284056D2CC845520080F237 /* Assets.xcassets in Resources */ = {isa = PBXBuildFile; fileRef = F284056C2CC845520080F237 /* Assets.xcassets */; };
		F28405702CC845520080F237 /* Preview Assets.xcassets in Resources */ = {isa = PBXBuildFile; fileRef = F284056F2CC845520080F237 /* Preview Assets.xcassets */; };
		F28405782CC846FC0080F237 /* FirebaseAnalytics in Frameworks */ = {isa = PBXBuildFile; productRef = F28405772CC846FC0080F237 /* FirebaseAnalytics */; };
		F284057A2CC846FC0080F237 /* FirebaseAnalyticsOnDeviceConversion in Frameworks */ = {isa = PBXBuildFile; productRef = F28405792CC846FC0080F237 /* FirebaseAnalyticsOnDeviceConversion */; };
		F284057C2CC846FC0080F237 /* FirebaseAnalyticsWithoutAdIdSupport in Frameworks */ = {isa = PBXBuildFile; productRef = F284057B2CC846FC0080F237 /* FirebaseAnalyticsWithoutAdIdSupport */; };
		F284057E2CC846FC0080F237 /* FirebaseAppCheck in Frameworks */ = {isa = PBXBuildFile; productRef = F284057D2CC846FC0080F237 /* FirebaseAppCheck */; };
		F28405802CC846FC0080F237 /* FirebaseAppDistribution-Beta in Frameworks */ = {isa = PBXBuildFile; productRef = F284057F2CC846FC0080F237 /* FirebaseAppDistribution-Beta */; };
		F28405822CC846FC0080F237 /* FirebaseAuth in Frameworks */ = {isa = PBXBuildFile; productRef = F28405812CC846FC0080F237 /* FirebaseAuth */; };
		F28405842CC846FC0080F237 /* FirebaseAuthCombine-Community in Frameworks */ = {isa = PBXBuildFile; productRef = F28405832CC846FC0080F237 /* FirebaseAuthCombine-Community */; };
		F28405862CC846FC0080F237 /* FirebaseCore in Frameworks */ = {isa = PBXBuildFile; productRef = F28405852CC846FC0080F237 /* FirebaseCore */; };
		F28405882CC846FC0080F237 /* FirebaseCrashlytics in Frameworks */ = {isa = PBXBuildFile; productRef = F28405872CC846FC0080F237 /* FirebaseCrashlytics */; };
		F284058A2CC846FC0080F237 /* FirebaseDatabase in Frameworks */ = {isa = PBXBuildFile; productRef = F28405892CC846FC0080F237 /* FirebaseDatabase */; };
		F284058C2CC846FC0080F237 /* FirebaseDynamicLinks in Frameworks */ = {isa = PBXBuildFile; productRef = F284058B2CC846FC0080F237 /* FirebaseDynamicLinks */; };
		F284058E2CC846FC0080F237 /* FirebaseFirestore in Frameworks */ = {isa = PBXBuildFile; productRef = F284058D2CC846FC0080F237 /* FirebaseFirestore */; };
		F28405902CC846FC0080F237 /* FirebaseFirestoreCombine-Community in Frameworks */ = {isa = PBXBuildFile; productRef = F284058F2CC846FC0080F237 /* FirebaseFirestoreCombine-Community */; };
		F28405922CC846FC0080F237 /* FirebaseFunctions in Frameworks */ = {isa = PBXBuildFile; productRef = F28405912CC846FC0080F237 /* FirebaseFunctions */; };
		F28405942CC846FC0080F237 /* FirebaseFunctionsCombine-Community in Frameworks */ = {isa = PBXBuildFile; productRef = F28405932CC846FC0080F237 /* FirebaseFunctionsCombine-Community */; };
		F28405962CC846FC0080F237 /* FirebaseInAppMessaging-Beta in Frameworks */ = {isa = PBXBuildFile; productRef = F28405952CC846FC0080F237 /* FirebaseInAppMessaging-Beta */; };
		F28405982CC846FC0080F237 /* FirebaseInstallations in Frameworks */ = {isa = PBXBuildFile; productRef = F28405972CC846FC0080F237 /* FirebaseInstallations */; };
		F284059A2CC846FC0080F237 /* FirebaseMLModelDownloader in Frameworks */ = {isa = PBXBuildFile; productRef = F28405992CC846FC0080F237 /* FirebaseMLModelDownloader */; };
		F284059C2CC846FC0080F237 /* FirebaseMessaging in Frameworks */ = {isa = PBXBuildFile; productRef = F284059B2CC846FC0080F237 /* FirebaseMessaging */; };
		F284059E2CC846FC0080F237 /* FirebasePerformance in Frameworks */ = {isa = PBXBuildFile; productRef = F284059D2CC846FC0080F237 /* FirebasePerformance */; };
		F28405A02CC846FC0080F237 /* FirebaseRemoteConfig in Frameworks */ = {isa = PBXBuildFile; productRef = F284059F2CC846FC0080F237 /* FirebaseRemoteConfig */; };
		F28405A22CC846FC0080F237 /* FirebaseStorage in Frameworks */ = {isa = PBXBuildFile; productRef = F28405A12CC846FC0080F237 /* FirebaseStorage */; };
		F28405A42CC846FC0080F237 /* FirebaseStorageCombine-Community in Frameworks */ = {isa = PBXBuildFile; productRef = F28405A32CC846FC0080F237 /* FirebaseStorageCombine-Community */; };
		F28405A62CC846FC0080F237 /* FirebaseVertexAI in Frameworks */ = {isa = PBXBuildFile; productRef = F28405A52CC846FC0080F237 /* FirebaseVertexAI */; };
		F28405A82CC8480C0080F237 /* GoogleService-Info.plist in Resources */ = {isa = PBXBuildFile; fileRef = F28405A72CC8480C0080F237 /* GoogleService-Info.plist */; };
		F28405AA2CC857060080F237 /* ProfileView.swift in Sources */ = {isa = PBXBuildFile; fileRef = F28405A92CC857060080F237 /* ProfileView.swift */; };
		F28405AC2CC85A900080F237 /* LinkView.swift in Sources */ = {isa = PBXBuildFile; fileRef = F28405AB2CC85A900080F237 /* LinkView.swift */; };
		F28405AE2CC85AB40080F237 /* SuggestionsView.swift in Sources */ = {isa = PBXBuildFile; fileRef = F28405AD2CC85AB40080F237 /* SuggestionsView.swift */; };
/* End PBXBuildFile section */

/* Begin PBXFileReference section */
		F28405652CC845500080F237 /* LinkUp.app */ = {isa = PBXFileReference; explicitFileType = wrapper.application; includeInIndex = 0; path = LinkUp.app; sourceTree = BUILT_PRODUCTS_DIR; };
		F28405682CC845500080F237 /* LinkUpApp.swift */ = {isa = PBXFileReference; lastKnownFileType = sourcecode.swift; path = LinkUpApp.swift; sourceTree = "<group>"; };
		F284056A2CC845500080F237 /* LoginView.swift */ = {isa = PBXFileReference; lastKnownFileType = sourcecode.swift; path = LoginView.swift; sourceTree = "<group>"; };
		F284056C2CC845520080F237 /* Assets.xcassets */ = {isa = PBXFileReference; lastKnownFileType = folder.assetcatalog; path = Assets.xcassets; sourceTree = "<group>"; };
		F284056F2CC845520080F237 /* Preview Assets.xcassets */ = {isa = PBXFileReference; lastKnownFileType = folder.assetcatalog; path = "Preview Assets.xcassets"; sourceTree = "<group>"; };
		F28405A72CC8480C0080F237 /* GoogleService-Info.plist */ = {isa = PBXFileReference; fileEncoding = 4; lastKnownFileType = text.plist.xml; path = "GoogleService-Info.plist"; sourceTree = "<group>"; };
		F28405A92CC857060080F237 /* ProfileView.swift */ = {isa = PBXFileReference; lastKnownFileType = sourcecode.swift; path = ProfileView.swift; sourceTree = "<group>"; };
		F28405AB2CC85A900080F237 /* LinkView.swift */ = {isa = PBXFileReference; lastKnownFileType = sourcecode.swift; path = LinkView.swift; sourceTree = "<group>"; };
		F28405AD2CC85AB40080F237 /* SuggestionsView.swift */ = {isa = PBXFileReference; lastKnownFileType = sourcecode.swift; path = SuggestionsView.swift; sourceTree = "<group>"; };
		F28405AF2CC85D130080F237 /* Info.plist */ = {isa = PBXFileReference; lastKnownFileType = text.plist; path = Info.plist; sourceTree = "<group>"; };
/* End PBXFileReference section */

/* Begin PBXFrameworksBuildPhase section */
		F28405622CC845500080F237 /* Frameworks */ = {
			isa = PBXFrameworksBuildPhase;
			buildActionMask = 2147483647;
			files = (
				F28405902CC846FC0080F237 /* FirebaseFirestoreCombine-Community in Frameworks */,
				F28405A62CC846FC0080F237 /* FirebaseVertexAI in Frameworks */,
				F28405922CC846FC0080F237 /* FirebaseFunctions in Frameworks */,
				F284059E2CC846FC0080F237 /* FirebasePerformance in Frameworks */,
				F28405A42CC846FC0080F237 /* FirebaseStorageCombine-Community in Frameworks */,
				F28405A02CC846FC0080F237 /* FirebaseRemoteConfig in Frameworks */,
				F284058A2CC846FC0080F237 /* FirebaseDatabase in Frameworks */,
				F284058C2CC846FC0080F237 /* FirebaseDynamicLinks in Frameworks */,
				F284057E2CC846FC0080F237 /* FirebaseAppCheck in Frameworks */,
				F28405822CC846FC0080F237 /* FirebaseAuth in Frameworks */,
				F28405782CC846FC0080F237 /* FirebaseAnalytics in Frameworks */,
				F284058E2CC846FC0080F237 /* FirebaseFirestore in Frameworks */,
				F284059C2CC846FC0080F237 /* FirebaseMessaging in Frameworks */,
				F28405982CC846FC0080F237 /* FirebaseInstallations in Frameworks */,
				F28405942CC846FC0080F237 /* FirebaseFunctionsCombine-Community in Frameworks */,
				F28405802CC846FC0080F237 /* FirebaseAppDistribution-Beta in Frameworks */,
				F284057C2CC846FC0080F237 /* FirebaseAnalyticsWithoutAdIdSupport in Frameworks */,
				F28405962CC846FC0080F237 /* FirebaseInAppMessaging-Beta in Frameworks */,
				F28405842CC846FC0080F237 /* FirebaseAuthCombine-Community in Frameworks */,
				F28405882CC846FC0080F237 /* FirebaseCrashlytics in Frameworks */,
				F284059A2CC846FC0080F237 /* FirebaseMLModelDownloader in Frameworks */,
				F28405A22CC846FC0080F237 /* FirebaseStorage in Frameworks */,
				F28405862CC846FC0080F237 /* FirebaseCore in Frameworks */,
				F284057A2CC846FC0080F237 /* FirebaseAnalyticsOnDeviceConversion in Frameworks */,
			);
			runOnlyForDeploymentPostprocessing = 0;
		};
/* End PBXFrameworksBuildPhase section */

/* Begin PBXGroup section */
		F284055C2CC845500080F237 = {
			isa = PBXGroup;
			children = (
				F28405672CC845500080F237 /* LinkUp */,
				F28405662CC845500080F237 /* Products */,
			);
			sourceTree = "<group>";
		};
		F28405662CC845500080F237 /* Products */ = {
			isa = PBXGroup;
			children = (
				F28405652CC845500080F237 /* LinkUp.app */,
			);
			name = Products;
			sourceTree = "<group>";
		};
		F28405672CC845500080F237 /* LinkUp */ = {
			isa = PBXGroup;
			children = (
				F28405AF2CC85D130080F237 /* Info.plist */,
				F28405682CC845500080F237 /* LinkUpApp.swift */,
				F284056A2CC845500080F237 /* LoginView.swift */,
				F28405A92CC857060080F237 /* ProfileView.swift */,
				F28405AB2CC85A900080F237 /* LinkView.swift */,
				F28405AD2CC85AB40080F237 /* SuggestionsView.swift */,
				F28405A72CC8480C0080F237 /* GoogleService-Info.plist */,
				F284056C2CC845520080F237 /* Assets.xcassets */,
				F284056E2CC845520080F237 /* Preview Content */,
			);
			path = LinkUp;
			sourceTree = "<group>";
		};
		F284056E2CC845520080F237 /* Preview Content */ = {
			isa = PBXGroup;
			children = (
				F284056F2CC845520080F237 /* Preview Assets.xcassets */,
			);
			path = "Preview Content";
			sourceTree = "<group>";
		};
/* End PBXGroup section */

/* Begin PBXNativeTarget section */
		F28405642CC845500080F237 /* LinkUp */ = {
			isa = PBXNativeTarget;
			buildConfigurationList = F28405732CC845520080F237 /* Build configuration list for PBXNativeTarget "LinkUp" */;
			buildPhases = (
				F28405612CC845500080F237 /* Sources */,
				F28405622CC845500080F237 /* Frameworks */,
				F28405632CC845500080F237 /* Resources */,
			);
			buildRules = (
			);
			dependencies = (
			);
			name = LinkUp;
			packageProductDependencies = (
				F28405772CC846FC0080F237 /* FirebaseAnalytics */,
				F28405792CC846FC0080F237 /* FirebaseAnalyticsOnDeviceConversion */,
				F284057B2CC846FC0080F237 /* FirebaseAnalyticsWithoutAdIdSupport */,
				F284057D2CC846FC0080F237 /* FirebaseAppCheck */,
				F284057F2CC846FC0080F237 /* FirebaseAppDistribution-Beta */,
				F28405812CC846FC0080F237 /* FirebaseAuth */,
				F28405832CC846FC0080F237 /* FirebaseAuthCombine-Community */,
				F28405852CC846FC0080F237 /* FirebaseCore */,
				F28405872CC846FC0080F237 /* FirebaseCrashlytics */,
				F28405892CC846FC0080F237 /* FirebaseDatabase */,
				F284058B2CC846FC0080F237 /* FirebaseDynamicLinks */,
				F284058D2CC846FC0080F237 /* FirebaseFirestore */,
				F284058F2CC846FC0080F237 /* FirebaseFirestoreCombine-Community */,
				F28405912CC846FC0080F237 /* FirebaseFunctions */,
				F28405932CC846FC0080F237 /* FirebaseFunctionsCombine-Community */,
				F28405952CC846FC0080F237 /* FirebaseInAppMessaging-Beta */,
				F28405972CC846FC0080F237 /* FirebaseInstallations */,
				F28405992CC846FC0080F237 /* FirebaseMLModelDownloader */,
				F284059B2CC846FC0080F237 /* FirebaseMessaging */,
				F284059D2CC846FC0080F237 /* FirebasePerformance */,
				F284059F2CC846FC0080F237 /* FirebaseRemoteConfig */,
				F28405A12CC846FC0080F237 /* FirebaseStorage */,
				F28405A32CC846FC0080F237 /* FirebaseStorageCombine-Community */,
				F28405A52CC846FC0080F237 /* FirebaseVertexAI */,
			);
			productName = LinkUp;
			productReference = F28405652CC845500080F237 /* LinkUp.app */;
			productType = "com.apple.product-type.application";
		};
/* End PBXNativeTarget section */

/* Begin PBXProject section */
		F284055D2CC845500080F237 /* Project object */ = {
			isa = PBXProject;
			attributes = {
				BuildIndependentTargetsInParallel = 1;
				LastSwiftUpdateCheck = 1520;
				LastUpgradeCheck = 1520;
				TargetAttributes = {
					F28405642CC845500080F237 = {
						CreatedOnToolsVersion = 15.2;
					};
				};
			};
			buildConfigurationList = F28405602CC845500080F237 /* Build configuration list for PBXProject "LinkUp" */;
			compatibilityVersion = "Xcode 14.0";
			developmentRegion = en;
			hasScannedForEncodings = 0;
			knownRegions = (
				en,
				Base,
			);
			mainGroup = F284055C2CC845500080F237;
			packageReferences = (
				F28405762CC846FC0080F237 /* XCRemoteSwiftPackageReference "firebase-ios-sdk" */,
			);
			productRefGroup = F28405662CC845500080F237 /* Products */;
			projectDirPath = "";
			projectRoot = "";
			targets = (
				F28405642CC845500080F237 /* LinkUp */,
			);
		};
/* End PBXProject section */

/* Begin PBXResourcesBuildPhase section */
		F28405632CC845500080F237 /* Resources */ = {
			isa = PBXResourcesBuildPhase;
			buildActionMask = 2147483647;
			files = (
				F28405702CC845520080F237 /* Preview Assets.xcassets in Resources */,
				F28405A82CC8480C0080F237 /* GoogleService-Info.plist in Resources */,
				F284056D2CC845520080F237 /* Assets.xcassets in Resources */,
			);
			runOnlyForDeploymentPostprocessing = 0;
		};
/* End PBXResourcesBuildPhase section */

/* Begin PBXSourcesBuildPhase section */
		F28405612CC845500080F237 /* Sources */ = {
			isa = PBXSourcesBuildPhase;
			buildActionMask = 2147483647;
			files = (
				F28405AE2CC85AB40080F237 /* SuggestionsView.swift in Sources */,
				F284056B2CC845500080F237 /* LoginView.swift in Sources */,
				F28405AA2CC857060080F237 /* ProfileView.swift in Sources */,
				F28405AC2CC85A900080F237 /* LinkView.swift in Sources */,
				F28405692CC845500080F237 /* LinkUpApp.swift in Sources */,
			);
			runOnlyForDeploymentPostprocessing = 0;
		};
/* End PBXSourcesBuildPhase section */

/* Begin XCBuildConfiguration section */
		F28405712CC845520080F237 /* Debug */ = {
			isa = XCBuildConfiguration;
			buildSettings = {
				ALWAYS_SEARCH_USER_PATHS = NO;
				ASSETCATALOG_COMPILER_GENERATE_SWIFT_ASSET_SYMBOL_EXTENSIONS = YES;
				CLANG_ANALYZER_NONNULL = YES;
				CLANG_ANALYZER_NUMBER_OBJECT_CONVERSION = YES_AGGRESSIVE;
				CLANG_CXX_LANGUAGE_STANDARD = "gnu++20";
				CLANG_ENABLE_MODULES = YES;
				CLANG_ENABLE_OBJC_ARC = YES;
				CLANG_ENABLE_OBJC_WEAK = YES;
				CLANG_WARN_BLOCK_CAPTURE_AUTORELEASING = YES;
				CLANG_WARN_BOOL_CONVERSION = YES;
				CLANG_WARN_COMMA = YES;
				CLANG_WARN_CONSTANT_CONVERSION = YES;
				CLANG_WARN_DEPRECATED_OBJC_IMPLEMENTATIONS = YES;
				CLANG_WARN_DIRECT_OBJC_ISA_USAGE = YES_ERROR;
				CLANG_WARN_DOCUMENTATION_COMMENTS = YES;
				CLANG_WARN_EMPTY_BODY = YES;
				CLANG_WARN_ENUM_CONVERSION = YES;
				CLANG_WARN_INFINITE_RECURSION = YES;
				CLANG_WARN_INT_CONVERSION = YES;
				CLANG_WARN_NON_LITERAL_NULL_CONVERSION = YES;
				CLANG_WARN_OBJC_IMPLICIT_RETAIN_SELF = YES;
				CLANG_WARN_OBJC_LITERAL_CONVERSION = YES;
				CLANG_WARN_OBJC_ROOT_CLASS = YES_ERROR;
				CLANG_WARN_QUOTED_INCLUDE_IN_FRAMEWORK_HEADER = YES;
				CLANG_WARN_RANGE_LOOP_ANALYSIS = YES;
				CLANG_WARN_STRICT_PROTOTYPES = YES;
				CLANG_WARN_SUSPICIOUS_MOVE = YES;
				CLANG_WARN_UNGUARDED_AVAILABILITY = YES_AGGRESSIVE;
				CLANG_WARN_UNREACHABLE_CODE = YES;
				CLANG_WARN__DUPLICATE_METHOD_MATCH = YES;
				COPY_PHASE_STRIP = NO;
				DEBUG_INFORMATION_FORMAT = dwarf;
				ENABLE_STRICT_OBJC_MSGSEND = YES;
				ENABLE_TESTABILITY = YES;
				ENABLE_USER_SCRIPT_SANDBOXING = YES;
				GCC_C_LANGUAGE_STANDARD = gnu17;
				GCC_DYNAMIC_NO_PIC = NO;
				GCC_NO_COMMON_BLOCKS = YES;
				GCC_OPTIMIZATION_LEVEL = 0;
				GCC_PREPROCESSOR_DEFINITIONS = (
					"DEBUG=1",
					"$(inherited)",
				);
				GCC_WARN_64_TO_32_BIT_CONVERSION = YES;
				GCC_WARN_ABOUT_RETURN_TYPE = YES_ERROR;
				GCC_WARN_UNDECLARED_SELECTOR = YES;
				GCC_WARN_UNINITIALIZED_AUTOS = YES_AGGRESSIVE;
				GCC_WARN_UNUSED_FUNCTION = YES;
				GCC_WARN_UNUSED_VARIABLE = YES;
				IPHONEOS_DEPLOYMENT_TARGET = 17.2;
				LOCALIZATION_PREFERS_STRING_CATALOGS = YES;
				MTL_ENABLE_DEBUG_INFO = INCLUDE_SOURCE;
				MTL_FAST_MATH = YES;
				ONLY_ACTIVE_ARCH = YES;
				SDKROOT = iphoneos;
				SWIFT_ACTIVE_COMPILATION_CONDITIONS = "DEBUG $(inherited)";
				SWIFT_OPTIMIZATION_LEVEL = "-Onone";
			};
			name = Debug;
		};
		F28405722CC845520080F237 /* Release */ = {
			isa = XCBuildConfiguration;
			buildSettings = {
				ALWAYS_SEARCH_USER_PATHS = NO;
				ASSETCATALOG_COMPILER_GENERATE_SWIFT_ASSET_SYMBOL_EXTENSIONS = YES;
				CLANG_ANALYZER_NONNULL = YES;
				CLANG_ANALYZER_NUMBER_OBJECT_CONVERSION = YES_AGGRESSIVE;
				CLANG_CXX_LANGUAGE_STANDARD = "gnu++20";
				CLANG_ENABLE_MODULES = YES;
				CLANG_ENABLE_OBJC_ARC = YES;
				CLANG_ENABLE_OBJC_WEAK = YES;
				CLANG_WARN_BLOCK_CAPTURE_AUTORELEASING = YES;
				CLANG_WARN_BOOL_CONVERSION = YES;
				CLANG_WARN_COMMA = YES;
				CLANG_WARN_CONSTANT_CONVERSION = YES;
				CLANG_WARN_DEPRECATED_OBJC_IMPLEMENTATIONS = YES;
				CLANG_WARN_DIRECT_OBJC_ISA_USAGE = YES_ERROR;
				CLANG_WARN_DOCUMENTATION_COMMENTS = YES;
				CLANG_WARN_EMPTY_BODY = YES;
				CLANG_WARN_ENUM_CONVERSION = YES;
				CLANG_WARN_INFINITE_RECURSION = YES;
				CLANG_WARN_INT_CONVERSION = YES;
				CLANG_WARN_NON_LITERAL_NULL_CONVERSION = YES;
				CLANG_WARN_OBJC_IMPLICIT_RETAIN_SELF = YES;
				CLANG_WARN_OBJC_LITERAL_CONVERSION = YES;
				CLANG_WARN_OBJC_ROOT_CLASS = YES_ERROR;
				CLANG_WARN_QUOTED_INCLUDE_IN_FRAMEWORK_HEADER = YES;
				CLANG_WARN_RANGE_LOOP_ANALYSIS = YES;
				CLANG_WARN_STRICT_PROTOTYPES = YES;
				CLANG_WARN_SUSPICIOUS_MOVE = YES;
				CLANG_WARN_UNGUARDED_AVAILABILITY = YES_AGGRESSIVE;
				CLANG_WARN_UNREACHABLE_CODE = YES;
				CLANG_WARN__DUPLICATE_METHOD_MATCH = YES;
				COPY_PHASE_STRIP = NO;
				DEBUG_INFORMATION_FORMAT = "dwarf-with-dsym";
				ENABLE_NS_ASSERTIONS = NO;
				ENABLE_STRICT_OBJC_MSGSEND = YES;
				ENABLE_USER_SCRIPT_SANDBOXING = YES;
				GCC_C_LANGUAGE_STANDARD = gnu17;
				GCC_NO_COMMON_BLOCKS = YES;
				GCC_WARN_64_TO_32_BIT_CONVERSION = YES;
				GCC_WARN_ABOUT_RETURN_TYPE = YES_ERROR;
				GCC_WARN_UNDECLARED_SELECTOR = YES;
				GCC_WARN_UNINITIALIZED_AUTOS = YES_AGGRESSIVE;
				GCC_WARN_UNUSED_FUNCTION = YES;
				GCC_WARN_UNUSED_VARIABLE = YES;
				IPHONEOS_DEPLOYMENT_TARGET = 17.2;
				LOCALIZATION_PREFERS_STRING_CATALOGS = YES;
				MTL_ENABLE_DEBUG_INFO = NO;
				MTL_FAST_MATH = YES;
				SDKROOT = iphoneos;
				SWIFT_COMPILATION_MODE = wholemodule;
				VALIDATE_PRODUCT = YES;
			};
			name = Release;
		};
		F28405742CC845520080F237 /* Debug */ = {
			isa = XCBuildConfiguration;
			buildSettings = {
				ASSETCATALOG_COMPILER_APPICON_NAME = AppIcon;
				ASSETCATALOG_COMPILER_GLOBAL_ACCENT_COLOR_NAME = AccentColor;
				CODE_SIGN_STYLE = Automatic;
				CURRENT_PROJECT_VERSION = 1;
				DEVELOPMENT_ASSET_PATHS = "\"LinkUp/Preview Content\"";
				DEVELOPMENT_TEAM = 42YSBDY7H6;
				ENABLE_PREVIEWS = YES;
				GENERATE_INFOPLIST_FILE = YES;
				INFOPLIST_FILE = LinkUp/Info.plist;
				INFOPLIST_KEY_CFBundleDisplayName = "";
				INFOPLIST_KEY_LSApplicationCategoryType = "";
				INFOPLIST_KEY_UIApplicationSceneManifest_Generation = YES;
				INFOPLIST_KEY_UIApplicationSupportsIndirectInputEvents = YES;
				INFOPLIST_KEY_UILaunchScreen_Generation = YES;
				INFOPLIST_KEY_UISupportedInterfaceOrientations_iPad = "UIInterfaceOrientationPortrait UIInterfaceOrientationPortraitUpsideDown UIInterfaceOrientationLandscapeLeft UIInterfaceOrientationLandscapeRight";
				INFOPLIST_KEY_UISupportedInterfaceOrientations_iPhone = "UIInterfaceOrientationPortrait UIInterfaceOrientationLandscapeLeft UIInterfaceOrientationLandscapeRight";
				LD_RUNPATH_SEARCH_PATHS = (
					"$(inherited)",
					"@executable_path/Frameworks",
				);
				MARKETING_VERSION = 1.0;
				PRODUCT_BUNDLE_IDENTIFIER = com.yaya.LinkUp;
				PRODUCT_NAME = "$(TARGET_NAME)";
				SWIFT_EMIT_LOC_STRINGS = YES;
				SWIFT_VERSION = 5.0;
				TARGETED_DEVICE_FAMILY = "1,2";
			};
			name = Debug;
		};
		F28405752CC845520080F237 /* Release */ = {
			isa = XCBuildConfiguration;
			buildSettings = {
				ASSETCATALOG_COMPILER_APPICON_NAME = AppIcon;
				ASSETCATALOG_COMPILER_GLOBAL_ACCENT_COLOR_NAME = AccentColor;
				CODE_SIGN_STYLE = Automatic;
				CURRENT_PROJECT_VERSION = 1;
				DEVELOPMENT_ASSET_PATHS = "\"LinkUp/Preview Content\"";
				DEVELOPMENT_TEAM = 42YSBDY7H6;
				ENABLE_PREVIEWS = YES;
				GENERATE_INFOPLIST_FILE = YES;
				INFOPLIST_FILE = LinkUp/Info.plist;
				INFOPLIST_KEY_CFBundleDisplayName = "";
				INFOPLIST_KEY_LSApplicationCategoryType = "";
				INFOPLIST_KEY_UIApplicationSceneManifest_Generation = YES;
				INFOPLIST_KEY_UIApplicationSupportsIndirectInputEvents = YES;
				INFOPLIST_KEY_UILaunchScreen_Generation = YES;
				INFOPLIST_KEY_UISupportedInterfaceOrientations_iPad = "UIInterfaceOrientationPortrait UIInterfaceOrientationPortraitUpsideDown UIInterfaceOrientationLandscapeLeft UIInterfaceOrientationLandscapeRight";
				INFOPLIST_KEY_UISupportedInterfaceOrientations_iPhone = "UIInterfaceOrientationPortrait UIInterfaceOrientationLandscapeLeft UIInterfaceOrientationLandscapeRight";
				LD_RUNPATH_SEARCH_PATHS = (
					"$(inherited)",
					"@executable_path/Frameworks",
				);
				MARKETING_VERSION = 1.0;
				PRODUCT_BUNDLE_IDENTIFIER = com.yaya.LinkUp;
				PRODUCT_NAME = "$(TARGET_NAME)";
				SWIFT_EMIT_LOC_STRINGS = YES;
				SWIFT_VERSION = 5.0;
				TARGETED_DEVICE_FAMILY = "1,2";
			};
			name = Release;
		};
/* End XCBuildConfiguration section */

/* Begin XCConfigurationList section */
		F28405602CC845500080F237 /* Build configuration list for PBXProject "LinkUp" */ = {
			isa = XCConfigurationList;
			buildConfigurations = (
				F28405712CC845520080F237 /* Debug */,
				F28405722CC845520080F237 /* Release */,
			);
			defaultConfigurationIsVisible = 0;
			defaultConfigurationName = Release;
		};
		F28405732CC845520080F237 /* Build configuration list for PBXNativeTarget "LinkUp" */ = {
			isa = XCConfigurationList;
			buildConfigurations = (
				F28405742CC845520080F237 /* Debug */,
				F28405752CC845520080F237 /* Release */,
			);
			defaultConfigurationIsVisible = 0;
			defaultConfigurationName = Release;
		};
/* End XCConfigurationList section */

/* Begin XCRemoteSwiftPackageReference section */
		F28405762CC846FC0080F237 /* XCRemoteSwiftPackageReference "firebase-ios-sdk" */ = {
			isa = XCRemoteSwiftPackageReference;
			repositoryURL = "https://github.com/firebase/firebase-ios-sdk.git";
			requirement = {
				kind = upToNextMajorVersion;
				minimumVersion = 11.4.0;
			};
		};
/* End XCRemoteSwiftPackageReference section */

/* Begin XCSwiftPackageProductDependency section */
		F28405772CC846FC0080F237 /* FirebaseAnalytics */ = {
			isa = XCSwiftPackageProductDependency;
			package = F28405762CC846FC0080F237 /* XCRemoteSwiftPackageReference "firebase-ios-sdk" */;
			productName = FirebaseAnalytics;
		};
		F28405792CC846FC0080F237 /* FirebaseAnalyticsOnDeviceConversion */ = {
			isa = XCSwiftPackageProductDependency;
			package = F28405762CC846FC0080F237 /* XCRemoteSwiftPackageReference "firebase-ios-sdk" */;
			productName = FirebaseAnalyticsOnDeviceConversion;
		};
		F284057B2CC846FC0080F237 /* FirebaseAnalyticsWithoutAdIdSupport */ = {
			isa = XCSwiftPackageProductDependency;
			package = F28405762CC846FC0080F237 /* XCRemoteSwiftPackageReference "firebase-ios-sdk" */;
			productName = FirebaseAnalyticsWithoutAdIdSupport;
		};
		F284057D2CC846FC0080F237 /* FirebaseAppCheck */ = {
			isa = XCSwiftPackageProductDependency;
			package = F28405762CC846FC0080F237 /* XCRemoteSwiftPackageReference "firebase-ios-sdk" */;
			productName = FirebaseAppCheck;
		};
		F284057F2CC846FC0080F237 /* FirebaseAppDistribution-Beta */ = {
			isa = XCSwiftPackageProductDependency;
			package = F28405762CC846FC0080F237 /* XCRemoteSwiftPackageReference "firebase-ios-sdk" */;
			productName = "FirebaseAppDistribution-Beta";
		};
		F28405812CC846FC0080F237 /* FirebaseAuth */ = {
			isa = XCSwiftPackageProductDependency;
			package = F28405762CC846FC0080F237 /* XCRemoteSwiftPackageReference "firebase-ios-sdk" */;
			productName = FirebaseAuth;
		};
		F28405832CC846FC0080F237 /* FirebaseAuthCombine-Community */ = {
			isa = XCSwiftPackageProductDependency;
			package = F28405762CC846FC0080F237 /* XCRemoteSwiftPackageReference "firebase-ios-sdk" */;
			productName = "FirebaseAuthCombine-Community";
		};
		F28405852CC846FC0080F237 /* FirebaseCore */ = {
			isa = XCSwiftPackageProductDependency;
			package = F28405762CC846FC0080F237 /* XCRemoteSwiftPackageReference "firebase-ios-sdk" */;
			productName = FirebaseCore;
		};
		F28405872CC846FC0080F237 /* FirebaseCrashlytics */ = {
			isa = XCSwiftPackageProductDependency;
			package = F28405762CC846FC0080F237 /* XCRemoteSwiftPackageReference "firebase-ios-sdk" */;
			productName = FirebaseCrashlytics;
		};
		F28405892CC846FC0080F237 /* FirebaseDatabase */ = {
			isa = XCSwiftPackageProductDependency;
			package = F28405762CC846FC0080F237 /* XCRemoteSwiftPackageReference "firebase-ios-sdk" */;
			productName = FirebaseDatabase;
		};
		F284058B2CC846FC0080F237 /* FirebaseDynamicLinks */ = {
			isa = XCSwiftPackageProductDependency;
			package = F28405762CC846FC0080F237 /* XCRemoteSwiftPackageReference "firebase-ios-sdk" */;
			productName = FirebaseDynamicLinks;
		};
		F284058D2CC846FC0080F237 /* FirebaseFirestore */ = {
			isa = XCSwiftPackageProductDependency;
			package = F28405762CC846FC0080F237 /* XCRemoteSwiftPackageReference "firebase-ios-sdk" */;
			productName = FirebaseFirestore;
		};
		F284058F2CC846FC0080F237 /* FirebaseFirestoreCombine-Community */ = {
			isa = XCSwiftPackageProductDependency;
			package = F28405762CC846FC0080F237 /* XCRemoteSwiftPackageReference "firebase-ios-sdk" */;
			productName = "FirebaseFirestoreCombine-Community";
		};
		F28405912CC846FC0080F237 /* FirebaseFunctions */ = {
			isa = XCSwiftPackageProductDependency;
			package = F28405762CC846FC0080F237 /* XCRemoteSwiftPackageReference "firebase-ios-sdk" */;
			productName = FirebaseFunctions;
		};
		F28405932CC846FC0080F237 /* FirebaseFunctionsCombine-Community */ = {
			isa = XCSwiftPackageProductDependency;
			package = F28405762CC846FC0080F237 /* XCRemoteSwiftPackageReference "firebase-ios-sdk" */;
			productName = "FirebaseFunctionsCombine-Community";
		};
		F28405952CC846FC0080F237 /* FirebaseInAppMessaging-Beta */ = {
			isa = XCSwiftPackageProductDependency;
			package = F28405762CC846FC0080F237 /* XCRemoteSwiftPackageReference "firebase-ios-sdk" */;
			productName = "FirebaseInAppMessaging-Beta";
		};
		F28405972CC846FC0080F237 /* FirebaseInstallations */ = {
			isa = XCSwiftPackageProductDependency;
			package = F28405762CC846FC0080F237 /* XCRemoteSwiftPackageReference "firebase-ios-sdk" */;
			productName = FirebaseInstallations;
		};
		F28405992CC846FC0080F237 /* FirebaseMLModelDownloader */ = {
			isa = XCSwiftPackageProductDependency;
			package = F28405762CC846FC0080F237 /* XCRemoteSwiftPackageReference "firebase-ios-sdk" */;
			productName = FirebaseMLModelDownloader;
		};
		F284059B2CC846FC0080F237 /* FirebaseMessaging */ = {
			isa = XCSwiftPackageProductDependency;
			package = F28405762CC846FC0080F237 /* XCRemoteSwiftPackageReference "firebase-ios-sdk" */;
			productName = FirebaseMessaging;
		};
		F284059D2CC846FC0080F237 /* FirebasePerformance */ = {
			isa = XCSwiftPackageProductDependency;
			package = F28405762CC846FC0080F237 /* XCRemoteSwiftPackageReference "firebase-ios-sdk" */;
			productName = FirebasePerformance;
		};
		F284059F2CC846FC0080F237 /* FirebaseRemoteConfig */ = {
			isa = XCSwiftPackageProductDependency;
			package = F28405762CC846FC0080F237 /* XCRemoteSwiftPackageReference "firebase-ios-sdk" */;
			productName = FirebaseRemoteConfig;
		};
		F28405A12CC846FC0080F237 /* FirebaseStorage */ = {
			isa = XCSwiftPackageProductDependency;
			package = F28405762CC846FC0080F237 /* XCRemoteSwiftPackageReference "firebase-ios-sdk" */;
			productName = FirebaseStorage;
		};
		F28405A32CC846FC0080F237 /* FirebaseStorageCombine-Community */ = {
			isa = XCSwiftPackageProductDependency;
			package = F28405762CC846FC0080F237 /* XCRemoteSwiftPackageReference "firebase-ios-sdk" */;
			productName = "FirebaseStorageCombine-Community";
		};
		F28405A52CC846FC0080F237 /* FirebaseVertexAI */ = {
			isa = XCSwiftPackageProductDependency;
			package = F28405762CC846FC0080F237 /* XCRemoteSwiftPackageReference "firebase-ios-sdk" */;
			productName = FirebaseVertexAI;
		};
/* End XCSwiftPackageProductDependency section */
	};
	rootObject = F284055D2CC845500080F237 /* Project object */;
}
